# THIS IS AN AUTOGENERATED FILE. DO NOT EDIT THIS FILE DIRECTLY.
# yarn lockfile v1


"@types/aws-lambda@^8.10.19":
  version "8.10.27"
  resolved "https://registry.yarnpkg.com/@types/aws-lambda/-/aws-lambda-8.10.27.tgz#33366bb26d8fb116f414e7c1855df5a0b6aa1d3d"
  integrity sha512-9QjcjORRtgG5KPVHWqGZ0F2Uo/ALUWQ5D7qfJEco0fEjoSbA908w05RXql7YPS72jQ1w6I+pr+8pQPqBPlYnSw==

serverless-http@^2.0.2:
  version "2.0.2"
  resolved "https://registry.yarnpkg.com/serverless-http/-/serverless-http-2.0.2.tgz#88c48a0977a0c3793fbb859a4661098cebff672d"
  integrity sha512-rPE8+LiIWw1ONubDaKSgQjJA6qXx50vFJUtU/8+kKduJlcgWNC7efkEq1vLireIK+3sq7aaip8TRdEQJLZggCg==
  optionalDependencies:
    "@types/aws-lambda" "^8.10.19"
